
Microsoft Visual Studio Solution File, Format Version 12.00
# Visual Studio Version 17
VisualStudioVersion = 17.2.32526.322
MinimumVisualStudioVersion = 10.0.40219.1
Project("{FAE04EC0-301F-11D3-BF4B-00C04F79EFBC}") = "SNPM", "SNPM\SNPM.csproj", "{D188F424-83B2-4B74-B081-0AFD77435F44}"
EndProject
Global
	GlobalSection(SolutionConfigurationPlatforms) = preSolution
		Debug|Any CPU = Debug|Any CPU
		Release|Any CPU = Release|Any CPU
	EndGlobalSection
	GlobalSection(ProjectConfigurationPlatforms) = postSolution
		{D188F424-83B2-4B74-B081-0AFD77435F44}.Debug|Any CPU.ActiveCfg = Debug|Any CPU
		{D188F424-83B2-4B74-B081-0AFD77435F44}.Debug|Any CPU.Build.0 = Debug|Any CPU
		{D188F424-83B2-4B74-B081-0AFD77435F44}.Release|Any CPU.ActiveCfg = Release|Any CPU
		{D188F424-83B2-4B74-B081-0AFD77435F44}.Release|Any CPU.Build.0 = Release|Any CPU
	EndGlobalSection
	GlobalSection(SolutionProperties) = preSolution
		HideSolutionNode = FALSE
	EndGlobalSection
	GlobalSection(ExtensibilityGlobals) = postSolution
		SolutionGuid = {B77E537C-1DB0-47DF-B1E3-E0810AD39AAB}
	EndGlobalSection
EndGlobal
